
Microsoft Visual Studio Solution File, Format Version 12.00
# Visual Studio Version 17
VisualStudioVersion = 17.7.34202.233
MinimumVisualStudioVersion = 10.0.40219.1
Project("{FAE04EC0-301F-11D3-BF4B-00C04F79EFBC}") = "LazyArtTest", "LazyArtTest.csproj", "{A2EAE0CF-9F21-4D13-8710-EA1A7E6F9C29}"
EndProject
Project("{9A19103F-16F7-4668-BE54-9A1E7A4F7556}") = "LazyArtCore", "..\LazyArtCore\LazyArtCore.csproj", "{4A0EE8FC-836A-472D-83B7-1FDA2F38655E}"
EndProject
Global
	GlobalSection(SolutionConfigurationPlatforms) = preSolution
		Debug|Any CPU = Debug|Any CPU
		Release|Any CPU = Release|Any CPU
	EndGlobalSection
	GlobalSection(ProjectConfigurationPlatforms) = postSolution
		{A2EAE0CF-9F21-4D13-8710-EA1A7E6F9C29}.Debug|Any CPU.ActiveCfg = Debug|Any CPU
		{A2EAE0CF-9F21-4D13-8710-EA1A7E6F9C29}.Debug|Any CPU.Build.0 = Debug|Any CPU
		{A2EAE0CF-9F21-4D13-8710-EA1A7E6F9C29}.Release|Any CPU.ActiveCfg = Release|Any CPU
		{A2EAE0CF-9F21-4D13-8710-EA1A7E6F9C29}.Release|Any CPU.Build.0 = Release|Any CPU
		{4A0EE8FC-836A-472D-83B7-1FDA2F38655E}.Debug|Any CPU.ActiveCfg = Debug|Any CPU
		{4A0EE8FC-836A-472D-83B7-1FDA2F38655E}.Debug|Any CPU.Build.0 = Debug|Any CPU
		{4A0EE8FC-836A-472D-83B7-1FDA2F38655E}.Release|Any CPU.ActiveCfg = Release|Any CPU
		{4A0EE8FC-836A-472D-83B7-1FDA2F38655E}.Release|Any CPU.Build.0 = Release|Any CPU
	EndGlobalSection
	GlobalSection(SolutionProperties) = preSolution
		HideSolutionNode = FALSE
	EndGlobalSection
	GlobalSection(ExtensibilityGlobals) = postSolution
		SolutionGuid = {712D0064-A2DA-47DF-81ED-D58342C1389C}
	EndGlobalSection
EndGlobal
